{
  "name": "migrations-test",
  "version": "1.0.0",
  "lockfileVersion": 3,
  "requires": true,
  "packages": {
    "": {
      "name": "migrations-test",
      "version": "1.0.0",
      "license": "AGPL-3.0-only",
      "dependencies": {
        "commander": "^12.1.0"
      }
    },
    "node_modules/commander": {
      "version": "12.1.0",
      "license": "MIT",
      "engines": {
        "node": ">=18"
      }
    }
  }
}
